{
  "name": "autoaufbereitung-website",
  "version": "0.1.0",
  "lockfileVersion": 3,
  "requires": true,
  "packages": {
    "": {
      "name": "autoaufbereitung-website",
      "version": "0.1.0",
      "license": "UNLICENSED",
      "dependencies": {
        "dotenv": "^17.2.2",
        "nodemailer": "^9.0.6"
      },
      "devDependencies": {
        "lucide-static": "^1.37.0",
        "prettier": "3.9.6"
      },
      "engines": {
        "node": "24.x"
      }
    },
    "node_modules/dotenv": {
      "version": "17.4.2",
      "resolved": "https://registry.npmjs.org/dotenv/-/dotenv-17.4.2.tgz",
      "integrity": "sha512-nI4U3TottKAcAD9LLud4Cb7b2QztQMUEfHbvhTH09bqXTxnSie8WnjPALV/WMCrJZ6UV/qHJ6L03OqO3LcdYZw==",
      "license": "BSD-2-Clause",
      "engines": {
        "node": ">=12"
      },
      "funding": {
        "url": "https://dotenvx.com"
      }
    },
    "node_modules/lucide-static": {
      "version": "1.37.0",
      "resolved": "https://registry.npmjs.org/lucide-static/-/lucide-static-1.37.0.tgz",
      "integrity": "sha512-uAp0oHMWE8T6XycokgjswDF3epVTFhUJQG4EdMsZOC/Jbmi5dFvdto0c6gcVQqswQDIGWguSvbJ0got6Vy3RXQ==",
      "dev": true,
      "license": "ISC"
    },
    "node_modules/nodemailer": {
      "version": "9.0.6",
      "resolved": "https://registry.npmjs.org/nodemailer/-/nodemailer-9.0.6.tgz",
      "integrity": "sha512-IQUGFdhdGwI9+AWX+FpUt4DLmvFaOjTMEoneTIWX/RXxuy1TdenPwWrvFMSfLkPKl+HQEXWuSAxEMMbPYXtBmg==",
      "license": "MIT-0",
      "engines": {
        "node": ">=6.0.0"
      }
    },
    "node_modules/prettier": {
      "version": "3.9.6",
      "resolved": "https://registry.npmjs.org/prettier/-/prettier-3.9.6.tgz",
      "integrity": "sha512-OpN0zzVdiaiAhxpuuj5efpIS4sY9j7bY6uR5mnj5yPzGkdkjNKSJeUThPb60Jw29QuAZgA4o+/iB49kFiaBX6g==",
      "dev": true,
      "license": "MIT",
      "bin": {
        "prettier": "bin/prettier.cjs"
      },
      "engines": {
        "node": ">=14"
      },
      "funding": {
        "url": "https://github.com/prettier/prettier?sponsor=1"
      }
    }
  }
}
